
Microsoft Visual Studio Solution File, Format Version 11.00
# Visual Studio 2010
Project("{FAE04EC0-301F-11D3-BF4B-00C04F79EFBC}") = "250", "250\250.csproj", "{0F55747B-01C6-4012-B277-1F5CB09B3C77}"
EndProject
Project("{FAE04EC0-301F-11D3-BF4B-00C04F79EFBC}") = "500", "500\500.csproj", "{A8A91E6C-D98F-4E8A-896D-CDD28F1A300F}"
EndProject
Global
	GlobalSection(SolutionConfigurationPlatforms) = preSolution
		Debug|x86 = Debug|x86
		Release|x86 = Release|x86
	EndGlobalSection
	GlobalSection(ProjectConfigurationPlatforms) = postSolution
		{0F55747B-01C6-4012-B277-1F5CB09B3C77}.Debug|x86.ActiveCfg = Debug|x86
		{0F55747B-01C6-4012-B277-1F5CB09B3C77}.Debug|x86.Build.0 = Debug|x86
		{0F55747B-01C6-4012-B277-1F5CB09B3C77}.Release|x86.ActiveCfg = Release|x86
		{0F55747B-01C6-4012-B277-1F5CB09B3C77}.Release|x86.Build.0 = Release|x86
		{A8A91E6C-D98F-4E8A-896D-CDD28F1A300F}.Debug|x86.ActiveCfg = Debug|x86
		{A8A91E6C-D98F-4E8A-896D-CDD28F1A300F}.Debug|x86.Build.0 = Debug|x86
		{A8A91E6C-D98F-4E8A-896D-CDD28F1A300F}.Release|x86.ActiveCfg = Release|x86
		{A8A91E6C-D98F-4E8A-896D-CDD28F1A300F}.Release|x86.Build.0 = Release|x86
	EndGlobalSection
	GlobalSection(SolutionProperties) = preSolution
		HideSolutionNode = FALSE
	EndGlobalSection
EndGlobal
