
Microsoft Visual Studio Solution File, Format Version 12.00
# Visual Studio 11
Project("{FAE04EC0-301F-11D3-BF4B-00C04F79EFBC}") = "250", "250\250.csproj", "{00D194E9-B265-4EC6-BBAC-4AF45E74DB26}"
EndProject
Global
	GlobalSection(SolutionConfigurationPlatforms) = preSolution
		Debug|Any CPU = Debug|Any CPU
		Release|Any CPU = Release|Any CPU
	EndGlobalSection
	GlobalSection(ProjectConfigurationPlatforms) = postSolution
		{00D194E9-B265-4EC6-BBAC-4AF45E74DB26}.Debug|Any CPU.ActiveCfg = Debug|Any CPU
		{00D194E9-B265-4EC6-BBAC-4AF45E74DB26}.Debug|Any CPU.Build.0 = Debug|Any CPU
		{00D194E9-B265-4EC6-BBAC-4AF45E74DB26}.Release|Any CPU.ActiveCfg = Release|Any CPU
		{00D194E9-B265-4EC6-BBAC-4AF45E74DB26}.Release|Any CPU.Build.0 = Release|Any CPU
	EndGlobalSection
	GlobalSection(SolutionProperties) = preSolution
		HideSolutionNode = FALSE
	EndGlobalSection
EndGlobal
