
Microsoft Visual Studio Solution File, Format Version 11.00
# Visual Studio 2010
Project("{FAE04EC0-301F-11D3-BF4B-00C04F79EFBC}") = "250", "250\250.csproj", "{7DB94E74-CC30-45F8-B27C-2A47ADDC70D4}"
EndProject
Project("{FAE04EC0-301F-11D3-BF4B-00C04F79EFBC}") = "500", "500\500.csproj", "{E4307CD8-197E-4D87-9441-593589AFDD45}"
EndProject
Project("{FAE04EC0-301F-11D3-BF4B-00C04F79EFBC}") = "1000", "1000\1000.csproj", "{EA8E210A-9853-4FB8-B1B2-DDDC2475BE6A}"
EndProject
Global
	GlobalSection(SolutionConfigurationPlatforms) = preSolution
		Debug|x86 = Debug|x86
		Release|x86 = Release|x86
	EndGlobalSection
	GlobalSection(ProjectConfigurationPlatforms) = postSolution
		{7DB94E74-CC30-45F8-B27C-2A47ADDC70D4}.Debug|x86.ActiveCfg = Debug|x86
		{7DB94E74-CC30-45F8-B27C-2A47ADDC70D4}.Debug|x86.Build.0 = Debug|x86
		{7DB94E74-CC30-45F8-B27C-2A47ADDC70D4}.Release|x86.ActiveCfg = Release|x86
		{7DB94E74-CC30-45F8-B27C-2A47ADDC70D4}.Release|x86.Build.0 = Release|x86
		{E4307CD8-197E-4D87-9441-593589AFDD45}.Debug|x86.ActiveCfg = Debug|x86
		{E4307CD8-197E-4D87-9441-593589AFDD45}.Debug|x86.Build.0 = Debug|x86
		{E4307CD8-197E-4D87-9441-593589AFDD45}.Release|x86.ActiveCfg = Release|x86
		{E4307CD8-197E-4D87-9441-593589AFDD45}.Release|x86.Build.0 = Release|x86
		{EA8E210A-9853-4FB8-B1B2-DDDC2475BE6A}.Debug|x86.ActiveCfg = Debug|x86
		{EA8E210A-9853-4FB8-B1B2-DDDC2475BE6A}.Debug|x86.Build.0 = Debug|x86
		{EA8E210A-9853-4FB8-B1B2-DDDC2475BE6A}.Release|x86.ActiveCfg = Release|x86
		{EA8E210A-9853-4FB8-B1B2-DDDC2475BE6A}.Release|x86.Build.0 = Release|x86
	EndGlobalSection
	GlobalSection(SolutionProperties) = preSolution
		HideSolutionNode = FALSE
	EndGlobalSection
EndGlobal
