
Microsoft Visual Studio Solution File, Format Version 12.00
# Visual Studio 11
Project("{FAE04EC0-301F-11D3-BF4B-00C04F79EFBC}") = "250", "250\250.csproj", "{FBA21BC7-47E4-46B5-ADE2-8DA53B4B7889}"
EndProject
Project("{FAE04EC0-301F-11D3-BF4B-00C04F79EFBC}") = "500", "500\500.csproj", "{2B861B65-0A9C-4C51-8271-E007925AABE3}"
EndProject
Global
	GlobalSection(SolutionConfigurationPlatforms) = preSolution
		Debug|Any CPU = Debug|Any CPU
		Release|Any CPU = Release|Any CPU
	EndGlobalSection
	GlobalSection(ProjectConfigurationPlatforms) = postSolution
		{2B861B65-0A9C-4C51-8271-E007925AABE3}.Debug|Any CPU.ActiveCfg = Debug|Any CPU
		{2B861B65-0A9C-4C51-8271-E007925AABE3}.Debug|Any CPU.Build.0 = Debug|Any CPU
		{2B861B65-0A9C-4C51-8271-E007925AABE3}.Release|Any CPU.ActiveCfg = Release|Any CPU
		{2B861B65-0A9C-4C51-8271-E007925AABE3}.Release|Any CPU.Build.0 = Release|Any CPU
		{FBA21BC7-47E4-46B5-ADE2-8DA53B4B7889}.Debug|Any CPU.ActiveCfg = Debug|Any CPU
		{FBA21BC7-47E4-46B5-ADE2-8DA53B4B7889}.Debug|Any CPU.Build.0 = Debug|Any CPU
		{FBA21BC7-47E4-46B5-ADE2-8DA53B4B7889}.Release|Any CPU.ActiveCfg = Release|Any CPU
		{FBA21BC7-47E4-46B5-ADE2-8DA53B4B7889}.Release|Any CPU.Build.0 = Release|Any CPU
	EndGlobalSection
	GlobalSection(SolutionProperties) = preSolution
		HideSolutionNode = FALSE
	EndGlobalSection
EndGlobal
